
Microsoft Visual Studio Solution File, Format Version 12.00
# Visual Studio 15
VisualStudioVersion = 15.0.28307.421
MinimumVisualStudioVersion = 10.0.40219.1
Project("{8BC9CEB8-8B4A-11D0-8D11-00A0C91BC942}") = "Project41a", "Project41a\Project41a.vcxproj", "{7001B795-E688-4AE7-987D-85A8168B6B99}"
EndProject
Global
	GlobalSection(SolutionConfigurationPlatforms) = preSolution
		Debug|x64 = Debug|x64
		Debug|x86 = Debug|x86
		Release|x64 = Release|x64
		Release|x86 = Release|x86
	EndGlobalSection
	GlobalSection(ProjectConfigurationPlatforms) = postSolution
		{7001B795-E688-4AE7-987D-85A8168B6B99}.Debug|x64.ActiveCfg = Debug|x64
		{7001B795-E688-4AE7-987D-85A8168B6B99}.Debug|x64.Build.0 = Debug|x64
		{7001B795-E688-4AE7-987D-85A8168B6B99}.Debug|x86.ActiveCfg = Debug|Win32
		{7001B795-E688-4AE7-987D-85A8168B6B99}.Debug|x86.Build.0 = Debug|Win32
		{7001B795-E688-4AE7-987D-85A8168B6B99}.Release|x64.ActiveCfg = Release|x64
		{7001B795-E688-4AE7-987D-85A8168B6B99}.Release|x64.Build.0 = Release|x64
		{7001B795-E688-4AE7-987D-85A8168B6B99}.Release|x86.ActiveCfg = Release|Win32
		{7001B795-E688-4AE7-987D-85A8168B6B99}.Release|x86.Build.0 = Release|Win32
	EndGlobalSection
	GlobalSection(SolutionProperties) = preSolution
		HideSolutionNode = FALSE
	EndGlobalSection
	GlobalSection(ExtensibilityGlobals) = postSolution
		SolutionGuid = {20A7CAF9-5C80-465A-8AFA-67C715B91744}
	EndGlobalSection
EndGlobal
